// !$*UTF8*$!
{
	archiveVersion = 1;
	classes = {
	};
	objectVersion = 46;
	objects = {

/* Begin PBXBuildFile section */
		94808ACE1D2DCD7A0080743D /* DetailController.swift in Sources */ = {isa = PBXBuildFile; fileRef = 94808ACD1D2DCD7A0080743D /* DetailController.swift */; };
		94AD2B461D2DA27300798DDB /* AppDelegate.swift in Sources */ = {isa = PBXBuildFile; fileRef = 94AD2B451D2DA27300798DDB /* AppDelegate.swift */; };
		94AD2B481D2DA27300798DDB /* ViewController.swift in Sources */ = {isa = PBXBuildFile; fileRef = 94AD2B471D2DA27300798DDB /* ViewController.swift */; };
		94AD2B4D1D2DA27300798DDB /* Assets.xcassets in Resources */ = {isa = PBXBuildFile; fileRef = 94AD2B4C1D2DA27300798DDB /* Assets.xcassets */; };
		94AD2B501D2DA27300798DDB /* LaunchScreen.storyboard in Resources */ = {isa = PBXBuildFile; fileRef = 94AD2B4E1D2DA27300798DDB /* LaunchScreen.storyboard */; };
		94AD2B5B1D2DA27300798DDB /* SchooStoreTests.swift in Sources */ = {isa = PBXBuildFile; fileRef = 94AD2B5A1D2DA27300798DDB /* SchooStoreTests.swift */; };
		94AD2B661D2DA27300798DDB /* SchooStoreUITests.swift in Sources */ = {isa = PBXBuildFile; fileRef = 94AD2B651D2DA27300798DDB /* SchooStoreUITests.swift */; };
		94AD2B741D2DA28D00798DDB /* Main.storyboard in Resources */ = {isa = PBXBuildFile; fileRef = 94AD2B731D2DA28D00798DDB /* Main.storyboard */; };
		94AD2B761D2DA75B00798DDB /* Product.swift in Sources */ = {isa = PBXBuildFile; fileRef = 94AD2B751D2DA75B00798DDB /* Product.swift */; };
		94AD2B7A1D2DA8E700798DDB /* ProductCell.swift in Sources */ = {isa = PBXBuildFile; fileRef = 94AD2B791D2DA8E700798DDB /* ProductCell.swift */; };
		94AD2B7C1D2DAD0600798DDB /* ProductList.swift in Sources */ = {isa = PBXBuildFile; fileRef = 94AD2B7B1D2DAD0600798DDB /* ProductList.swift */; };
/* End PBXBuildFile section */

/* Begin PBXContainerItemProxy section */
		94AD2B571D2DA27300798DDB /* PBXContainerItemProxy */ = {
			isa = PBXContainerItemProxy;
			containerPortal = 94AD2B3A1D2DA27300798DDB /* Project object */;
			proxyType = 1;
			remoteGlobalIDString = 94AD2B411D2DA27300798DDB;
			remoteInfo = SchooStore;
		};
		94AD2B621D2DA27300798DDB /* PBXContainerItemProxy */ = {
			isa = PBXContainerItemProxy;
			containerPortal = 94AD2B3A1D2DA27300798DDB /* Project object */;
			proxyType = 1;
			remoteGlobalIDString = 94AD2B411D2DA27300798DDB;
			remoteInfo = SchooStore;
		};
/* End PBXContainerItemProxy section */

/* Begin PBXFileReference section */
		94808ACD1D2DCD7A0080743D /* DetailController.swift */ = {isa = PBXFileReference; fileEncoding = 4; lastKnownFileType = sourcecode.swift; path = DetailController.swift; sourceTree = "<group>"; };
		94AD2B421D2DA27300798DDB /* SchoolStore.app */ = {isa = PBXFileReference; explicitFileType = wrapper.application; includeInIndex = 0; path = SchoolStore.app; sourceTree = BUILT_PRODUCTS_DIR; };
		94AD2B451D2DA27300798DDB /* AppDelegate.swift */ = {isa = PBXFileReference; lastKnownFileType = sourcecode.swift; path = AppDelegate.swift; sourceTree = "<group>"; };
		94AD2B471D2DA27300798DDB /* ViewController.swift */ = {isa = PBXFileReference; lastKnownFileType = sourcecode.swift; path = ViewController.swift; sourceTree = "<group>"; };
		94AD2B4C1D2DA27300798DDB /* Assets.xcassets */ = {isa = PBXFileReference; lastKnownFileType = folder.assetcatalog; path = Assets.xcassets; sourceTree = "<group>"; };
		94AD2B4F1D2DA27300798DDB /* Base */ = {isa = PBXFileReference; lastKnownFileType = file.storyboard; name = Base; path = Base.lproj/LaunchScreen.storyboard; sourceTree = "<group>"; };
		94AD2B511D2DA27300798DDB /* Info.plist */ = {isa = PBXFileReference; lastKnownFileType = text.plist.xml; path = Info.plist; sourceTree = "<group>"; };
		94AD2B561D2DA27300798DDB /* SchoolStore.xctest */ = {isa = PBXFileReference; explicitFileType = wrapper.cfbundle; includeInIndex = 0; path = SchoolStore.xctest; sourceTree = BUILT_PRODUCTS_DIR; };
		94AD2B5A1D2DA27300798DDB /* SchooStoreTests.swift */ = {isa = PBXFileReference; lastKnownFileType = sourcecode.swift; path = SchooStoreTests.swift; sourceTree = "<group>"; };
		94AD2B5C1D2DA27300798DDB /* Info.plist */ = {isa = PBXFileReference; lastKnownFileType = text.plist.xml; path = Info.plist; sourceTree = "<group>"; };
		94AD2B611D2DA27300798DDB /* SchoolStore.xctest */ = {isa = PBXFileReference; explicitFileType = wrapper.cfbundle; includeInIndex = 0; path = SchoolStore.xctest; sourceTree = BUILT_PRODUCTS_DIR; };
		94AD2B651D2DA27300798DDB /* SchooStoreUITests.swift */ = {isa = PBXFileReference; lastKnownFileType = sourcecode.swift; path = SchooStoreUITests.swift; sourceTree = "<group>"; };
		94AD2B671D2DA27300798DDB /* Info.plist */ = {isa = PBXFileReference; lastKnownFileType = text.plist.xml; path = Info.plist; sourceTree = "<group>"; };
		94AD2B731D2DA28D00798DDB /* Main.storyboard */ = {isa = PBXFileReference; fileEncoding = 4; lastKnownFileType = file.storyboard; path = Main.storyboard; sourceTree = "<group>"; };
		94AD2B751D2DA75B00798DDB /* Product.swift */ = {isa = PBXFileReference; fileEncoding = 4; lastKnownFileType = sourcecode.swift; path = Product.swift; sourceTree = "<group>"; };
		94AD2B791D2DA8E700798DDB /* ProductCell.swift */ = {isa = PBXFileReference; fileEncoding = 4; lastKnownFileType = sourcecode.swift; path = ProductCell.swift; sourceTree = "<group>"; };
		94AD2B7B1D2DAD0600798DDB /* ProductList.swift */ = {isa = PBXFileReference; fileEncoding = 4; lastKnownFileType = sourcecode.swift; name = ProductList.swift; path = ../ProductList.swift; sourceTree = "<group>"; };
/* End PBXFileReference section */

/* Begin PBXFrameworksBuildPhase section */
		94AD2B3F1D2DA27300798DDB /* Frameworks */ = {
			isa = PBXFrameworksBuildPhase;
			buildActionMask = 2147483647;
			files = (
			);
			runOnlyForDeploymentPostprocessing = 0;
		};
		94AD2B531D2DA27300798DDB /* Frameworks */ = {
			isa = PBXFrameworksBuildPhase;
			buildActionMask = 2147483647;
			files = (
			);
			runOnlyForDeploymentPostprocessing = 0;
		};
		94AD2B5E1D2DA27300798DDB /* Frameworks */ = {
			isa = PBXFrameworksBuildPhase;
			buildActionMask = 2147483647;
			files = (
			);
			runOnlyForDeploymentPostprocessing = 0;
		};
/* End PBXFrameworksBuildPhase section */

/* Begin PBXGroup section */
		94AD2B391D2DA27300798DDB = {
			isa = PBXGroup;
			children = (
				94AD2B441D2DA27300798DDB /* SchoolStore */,
				94AD2B591D2DA27300798DDB /* SchoolStoreTests */,
				94AD2B641D2DA27300798DDB /* SchoolStoreUITests */,
				94AD2B431D2DA27300798DDB /* Products */,
			);
			sourceTree = "<group>";
		};
		94AD2B431D2DA27300798DDB /* Products */ = {
			isa = PBXGroup;
			children = (
				94AD2B421D2DA27300798DDB /* SchoolStore.app */,
				94AD2B561D2DA27300798DDB /* SchoolStore.xctest */,
				94AD2B611D2DA27300798DDB /* SchoolStore.xctest */,
			);
			name = Products;
			sourceTree = "<group>";
		};
		94AD2B441D2DA27300798DDB /* SchoolStore */ = {
			isa = PBXGroup;
			children = (
				94AD2B451D2DA27300798DDB /* AppDelegate.swift */,
				94AD2B471D2DA27300798DDB /* ViewController.swift */,
				94808ACD1D2DCD7A0080743D /* DetailController.swift */,
				94AD2B731D2DA28D00798DDB /* Main.storyboard */,
				94AD2B4C1D2DA27300798DDB /* Assets.xcassets */,
				94AD2B751D2DA75B00798DDB /* Product.swift */,
				94AD2B791D2DA8E700798DDB /* ProductCell.swift */,
				94AD2B7B1D2DAD0600798DDB /* ProductList.swift */,
				94AD2B4E1D2DA27300798DDB /* LaunchScreen.storyboard */,
				94AD2B511D2DA27300798DDB /* Info.plist */,
			);
			name = SchoolStore;
			path = SchooStore;
			sourceTree = "<group>";
		};
		94AD2B591D2DA27300798DDB /* SchoolStoreTests */ = {
			isa = PBXGroup;
			children = (
				94AD2B5A1D2DA27300798DDB /* SchooStoreTests.swift */,
				94AD2B5C1D2DA27300798DDB /* Info.plist */,
			);
			name = SchoolStoreTests;
			path = SchooStoreTests;
			sourceTree = "<group>";
		};
		94AD2B641D2DA27300798DDB /* SchoolStoreUITests */ = {
			isa = PBXGroup;
			children = (
				94AD2B651D2DA27300798DDB /* SchooStoreUITests.swift */,
				94AD2B671D2DA27300798DDB /* Info.plist */,
			);
			name = SchoolStoreUITests;
			path = SchooStoreUITests;
			sourceTree = "<group>";
		};
/* End PBXGroup section */

/* Begin PBXNativeTarget section */
		94AD2B411D2DA27300798DDB /* SchoolStore */ = {
			isa = PBXNativeTarget;
			buildConfigurationList = 94AD2B6A1D2DA27300798DDB /* Build configuration list for PBXNativeTarget "SchoolStore" */;
			buildPhases = (
				94AD2B3E1D2DA27300798DDB /* Sources */,
				94AD2B3F1D2DA27300798DDB /* Frameworks */,
				94AD2B401D2DA27300798DDB /* Resources */,
			);
			buildRules = (
			);
			dependencies = (
			);
			name = SchoolStore;
			productName = SchooStore;
			productReference = 94AD2B421D2DA27300798DDB /* SchoolStore.app */;
			productType = "com.apple.product-type.application";
		};
		94AD2B551D2DA27300798DDB /* SchoolStoreTests */ = {
			isa = PBXNativeTarget;
			buildConfigurationList = 94AD2B6D1D2DA27300798DDB /* Build configuration list for PBXNativeTarget "SchoolStoreTests" */;
			buildPhases = (
				94AD2B521D2DA27300798DDB /* Sources */,
				94AD2B531D2DA27300798DDB /* Frameworks */,
				94AD2B541D2DA27300798DDB /* Resources */,
			);
			buildRules = (
			);
			dependencies = (
				94AD2B581D2DA27300798DDB /* PBXTargetDependency */,
			);
			name = SchoolStoreTests;
			productName = SchooStoreTests;
			productReference = 94AD2B561D2DA27300798DDB /* SchoolStore.xctest */;
			productType = "com.apple.product-type.bundle.unit-test";
		};
		94AD2B601D2DA27300798DDB /* SchoolStoreUITests */ = {
			isa = PBXNativeTarget;
			buildConfigurationList = 94AD2B701D2DA27300798DDB /* Build configuration list for PBXNativeTarget "SchoolStoreUITests" */;
			buildPhases = (
				94AD2B5D1D2DA27300798DDB /* Sources */,
				94AD2B5E1D2DA27300798DDB /* Frameworks */,
				94AD2B5F1D2DA27300798DDB /* Resources */,
			);
			buildRules = (
			);
			dependencies = (
				94AD2B631D2DA27300798DDB /* PBXTargetDependency */,
			);
			name = SchoolStoreUITests;
			productName = SchooStoreUITests;
			productReference = 94AD2B611D2DA27300798DDB /* SchoolStore.xctest */;
			productType = "com.apple.product-type.bundle.ui-testing";
		};
/* End PBXNativeTarget section */

/* Begin PBXProject section */
		94AD2B3A1D2DA27300798DDB /* Project object */ = {
			isa = PBXProject;
			attributes = {
				LastSwiftUpdateCheck = 0720;
				LastUpgradeCheck = 0720;
				ORGANIZATIONNAME = "Shiqi Hu";
				TargetAttributes = {
					94AD2B411D2DA27300798DDB = {
						CreatedOnToolsVersion = 7.2.1;
					};
					94AD2B551D2DA27300798DDB = {
						CreatedOnToolsVersion = 7.2.1;
						TestTargetID = 94AD2B411D2DA27300798DDB;
					};
					94AD2B601D2DA27300798DDB = {
						CreatedOnToolsVersion = 7.2.1;
						TestTargetID = 94AD2B411D2DA27300798DDB;
					};
				};
			};
			buildConfigurationList = 94AD2B3D1D2DA27300798DDB /* Build configuration list for PBXProject "SchoolStore" */;
			compatibilityVersion = "Xcode 3.2";
			developmentRegion = English;
			hasScannedForEncodings = 0;
			knownRegions = (
				en,
				Base,
			);
			mainGroup = 94AD2B391D2DA27300798DDB;
			productRefGroup = 94AD2B431D2DA27300798DDB /* Products */;
			projectDirPath = "";
			projectRoot = "";
			targets = (
				94AD2B411D2DA27300798DDB /* SchoolStore */,
				94AD2B551D2DA27300798DDB /* SchoolStoreTests */,
				94AD2B601D2DA27300798DDB /* SchoolStoreUITests */,
			);
		};
/* End PBXProject section */

/* Begin PBXResourcesBuildPhase section */
		94AD2B401D2DA27300798DDB /* Resources */ = {
			isa = PBXResourcesBuildPhase;
			buildActionMask = 2147483647;
			files = (
				94AD2B501D2DA27300798DDB /* LaunchScreen.storyboard in Resources */,
				94AD2B4D1D2DA27300798DDB /* Assets.xcassets in Resources */,
				94AD2B741D2DA28D00798DDB /* Main.storyboard in Resources */,
			);
			runOnlyForDeploymentPostprocessing = 0;
		};
		94AD2B541D2DA27300798DDB /* Resources */ = {
			isa = PBXResourcesBuildPhase;
			buildActionMask = 2147483647;
			files = (
			);
			runOnlyForDeploymentPostprocessing = 0;
		};
		94AD2B5F1D2DA27300798DDB /* Resources */ = {
			isa = PBXResourcesBuildPhase;
			buildActionMask = 2147483647;
			files = (
			);
			runOnlyForDeploymentPostprocessing = 0;
		};
/* End PBXResourcesBuildPhase section */

/* Begin PBXSourcesBuildPhase section */
		94AD2B3E1D2DA27300798DDB /* Sources */ = {
			isa = PBXSourcesBuildPhase;
			buildActionMask = 2147483647;
			files = (
				94AD2B761D2DA75B00798DDB /* Product.swift in Sources */,
				94AD2B7C1D2DAD0600798DDB /* ProductList.swift in Sources */,
				94AD2B7A1D2DA8E700798DDB /* ProductCell.swift in Sources */,
				94AD2B481D2DA27300798DDB /* ViewController.swift in Sources */,
				94808ACE1D2DCD7A0080743D /* DetailController.swift in Sources */,
				94AD2B461D2DA27300798DDB /* AppDelegate.swift in Sources */,
			);
			runOnlyForDeploymentPostprocessing = 0;
		};
		94AD2B521D2DA27300798DDB /* Sources */ = {
			isa = PBXSourcesBuildPhase;
			buildActionMask = 2147483647;
			files = (
				94AD2B5B1D2DA27300798DDB /* SchooStoreTests.swift in Sources */,
			);
			runOnlyForDeploymentPostprocessing = 0;
		};
		94AD2B5D1D2DA27300798DDB /* Sources */ = {
			isa = PBXSourcesBuildPhase;
			buildActionMask = 2147483647;
			files = (
				94AD2B661D2DA27300798DDB /* SchooStoreUITests.swift in Sources */,
			);
			runOnlyForDeploymentPostprocessing = 0;
		};
/* End PBXSourcesBuildPhase section */

/* Begin PBXTargetDependency section */
		94AD2B581D2DA27300798DDB /* PBXTargetDependency */ = {
			isa = PBXTargetDependency;
			target = 94AD2B411D2DA27300798DDB /* SchoolStore */;
			targetProxy = 94AD2B571D2DA27300798DDB /* PBXContainerItemProxy */;
		};
		94AD2B631D2DA27300798DDB /* PBXTargetDependency */ = {
			isa = PBXTargetDependency;
			target = 94AD2B411D2DA27300798DDB /* SchoolStore */;
			targetProxy = 94AD2B621D2DA27300798DDB /* PBXContainerItemProxy */;
		};
/* End PBXTargetDependency section */

/* Begin PBXVariantGroup section */
		94AD2B4E1D2DA27300798DDB /* LaunchScreen.storyboard */ = {
			isa = PBXVariantGroup;
			children = (
				94AD2B4F1D2DA27300798DDB /* Base */,
			);
			name = LaunchScreen.storyboard;
			sourceTree = "<group>";
		};
/* End PBXVariantGroup section */

/* Begin XCBuildConfiguration section */
		94AD2B681D2DA27300798DDB /* Debug */ = {
			isa = XCBuildConfiguration;
			buildSettings = {
				ALWAYS_SEARCH_USER_PATHS = NO;
				CLANG_CXX_LANGUAGE_STANDARD = "gnu++0x";
				CLANG_CXX_LIBRARY = "libc++";
				CLANG_ENABLE_MODULES = YES;
				CLANG_ENABLE_OBJC_ARC = YES;
				CLANG_WARN_BOOL_CONVERSION = YES;
				CLANG_WARN_CONSTANT_CONVERSION = YES;
				CLANG_WARN_DIRECT_OBJC_ISA_USAGE = YES_ERROR;
				CLANG_WARN_EMPTY_BODY = YES;
				CLANG_WARN_ENUM_CONVERSION = YES;
				CLANG_WARN_INT_CONVERSION = YES;
				CLANG_WARN_OBJC_ROOT_CLASS = YES_ERROR;
				CLANG_WARN_UNREACHABLE_CODE = YES;
				CLANG_WARN__DUPLICATE_METHOD_MATCH = YES;
				"CODE_SIGN_IDENTITY[sdk=iphoneos*]" = "iPhone Developer";
				COPY_PHASE_STRIP = NO;
				DEBUG_INFORMATION_FORMAT = dwarf;
				ENABLE_STRICT_OBJC_MSGSEND = YES;
				ENABLE_TESTABILITY = YES;
				GCC_C_LANGUAGE_STANDARD = gnu99;
				GCC_DYNAMIC_NO_PIC = NO;
				GCC_NO_COMMON_BLOCKS = YES;
				GCC_OPTIMIZATION_LEVEL = 0;
				GCC_PREPROCESSOR_DEFINITIONS = (
					"DEBUG=1",
					"$(inherited)",
				);
				GCC_WARN_64_TO_32_BIT_CONVERSION = YES;
				GCC_WARN_ABOUT_RETURN_TYPE = YES_ERROR;
				GCC_WARN_UNDECLARED_SELECTOR = YES;
				GCC_WARN_UNINITIALIZED_AUTOS = YES_AGGRESSIVE;
				GCC_WARN_UNUSED_FUNCTION = YES;
				GCC_WARN_UNUSED_VARIABLE = YES;
				IPHONEOS_DEPLOYMENT_TARGET = 9.2;
				MTL_ENABLE_DEBUG_INFO = YES;
				ONLY_ACTIVE_ARCH = YES;
				SDKROOT = iphoneos;
				SWIFT_OPTIMIZATION_LEVEL = "-Onone";
				TARGETED_DEVICE_FAMILY = "1,2";
			};
			name = Debug;
		};
		94AD2B691D2DA27300798DDB /* Release */ = {
			isa = XCBuildConfiguration;
			buildSettings = {
				ALWAYS_SEARCH_USER_PATHS = NO;
				CLANG_CXX_LANGUAGE_STANDARD = "gnu++0x";
				CLANG_CXX_LIBRARY = "libc++";
				CLANG_ENABLE_MODULES = YES;
				CLANG_ENABLE_OBJC_ARC = YES;
				CLANG_WARN_BOOL_CONVERSION = YES;
				CLANG_WARN_CONSTANT_CONVERSION = YES;
				CLANG_WARN_DIRECT_OBJC_ISA_USAGE = YES_ERROR;
				CLANG_WARN_EMPTY_BODY = YES;
				CLANG_WARN_ENUM_CONVERSION = YES;
				CLANG_WARN_INT_CONVERSION = YES;
				CLANG_WARN_OBJC_ROOT_CLASS = YES_ERROR;
				CLANG_WARN_UNREACHABLE_CODE = YES;
				CLANG_WARN__DUPLICATE_METHOD_MATCH = YES;
				"CODE_SIGN_IDENTITY[sdk=iphoneos*]" = "iPhone Developer";
				COPY_PHASE_STRIP = NO;
				DEBUG_INFORMATION_FORMAT = "dwarf-with-dsym";
				ENABLE_NS_ASSERTIONS = NO;
				ENABLE_STRICT_OBJC_MSGSEND = YES;
				GCC_C_LANGUAGE_STANDARD = gnu99;
				GCC_NO_COMMON_BLOCKS = YES;
				GCC_WARN_64_TO_32_BIT_CONVERSION = YES;
				GCC_WARN_ABOUT_RETURN_TYPE = YES_ERROR;
				GCC_WARN_UNDECLARED_SELECTOR = YES;
				GCC_WARN_UNINITIALIZED_AUTOS = YES_AGGRESSIVE;
				GCC_WARN_UNUSED_FUNCTION = YES;
				GCC_WARN_UNUSED_VARIABLE = YES;
				IPHONEOS_DEPLOYMENT_TARGET = 9.2;
				MTL_ENABLE_DEBUG_INFO = NO;
				SDKROOT = iphoneos;
				TARGETED_DEVICE_FAMILY = "1,2";
				VALIDATE_PRODUCT = YES;
			};
			name = Release;
		};
		94AD2B6B1D2DA27300798DDB /* Debug */ = {
			isa = XCBuildConfiguration;
			buildSettings = {
				ASSETCATALOG_COMPILER_APPICON_NAME = AppIcon;
				INFOPLIST_FILE = SchooStore/Info.plist;
				LD_RUNPATH_SEARCH_PATHS = "$(inherited) @executable_path/Frameworks";
				PRODUCT_BUNDLE_IDENTIFIER = "com.SouthKentSchool.-SHu-.SchooStore";
				PRODUCT_NAME = SchoolStore;
			};
			name = Debug;
		};
		94AD2B6C1D2DA27300798DDB /* Release */ = {
			isa = XCBuildConfiguration;
			buildSettings = {
				ASSETCATALOG_COMPILER_APPICON_NAME = AppIcon;
				INFOPLIST_FILE = SchooStore/Info.plist;
				LD_RUNPATH_SEARCH_PATHS = "$(inherited) @executable_path/Frameworks";
				PRODUCT_BUNDLE_IDENTIFIER = "com.SouthKentSchool.-SHu-.SchooStore";
				PRODUCT_NAME = SchoolStore;
			};
			name = Release;
		};
		94AD2B6E1D2DA27300798DDB /* Debug */ = {
			isa = XCBuildConfiguration;
			buildSettings = {
				BUNDLE_LOADER = "$(TEST_HOST)";
				INFOPLIST_FILE = SchooStoreTests/Info.plist;
				LD_RUNPATH_SEARCH_PATHS = "$(inherited) @executable_path/Frameworks @loader_path/Frameworks";
				PRODUCT_BUNDLE_IDENTIFIER = "com.SouthKentSchool.-SHu-.SchooStoreTests";
				PRODUCT_NAME = SchoolStore;
				TEST_HOST = "$(BUILT_PRODUCTS_DIR)/SchoolStore.app/SchoolStore";
			};
			name = Debug;
		};
		94AD2B6F1D2DA27300798DDB /* Release */ = {
			isa = XCBuildConfiguration;
			buildSettings = {
				BUNDLE_LOADER = "$(TEST_HOST)";
				INFOPLIST_FILE = SchooStoreTests/Info.plist;
				LD_RUNPATH_SEARCH_PATHS = "$(inherited) @executable_path/Frameworks @loader_path/Frameworks";
				PRODUCT_BUNDLE_IDENTIFIER = "com.SouthKentSchool.-SHu-.SchooStoreTests";
				PRODUCT_NAME = SchoolStore;
				TEST_HOST = "$(BUILT_PRODUCTS_DIR)/SchoolStore.app/SchoolStore";
			};
			name = Release;
		};
		94AD2B711D2DA27300798DDB /* Debug */ = {
			isa = XCBuildConfiguration;
			buildSettings = {
				INFOPLIST_FILE = SchooStoreUITests/Info.plist;
				LD_RUNPATH_SEARCH_PATHS = "$(inherited) @executable_path/Frameworks @loader_path/Frameworks";
				PRODUCT_BUNDLE_IDENTIFIER = "com.SouthKentSchool.-SHu-.SchooStoreUITests";
				PRODUCT_NAME = SchoolStore;
				TEST_TARGET_NAME = SchooStore;
				USES_XCTRUNNER = YES;
			};
			name = Debug;
		};
		94AD2B721D2DA27300798DDB /* Release */ = {
			isa = XCBuildConfiguration;
			buildSettings = {
				INFOPLIST_FILE = SchooStoreUITests/Info.plist;
				LD_RUNPATH_SEARCH_PATHS = "$(inherited) @executable_path/Frameworks @loader_path/Frameworks";
				PRODUCT_BUNDLE_IDENTIFIER = "com.SouthKentSchool.-SHu-.SchooStoreUITests";
				PRODUCT_NAME = SchoolStore;
				TEST_TARGET_NAME = SchooStore;
				USES_XCTRUNNER = YES;
			};
			name = Release;
		};
/* End XCBuildConfiguration section */

/* Begin XCConfigurationList section */
		94AD2B3D1D2DA27300798DDB /* Build configuration list for PBXProject "SchoolStore" */ = {
			isa = XCConfigurationList;
			buildConfigurations = (
				94AD2B681D2DA27300798DDB /* Debug */,
				94AD2B691D2DA27300798DDB /* Release */,
			);
			defaultConfigurationIsVisible = 0;
			defaultConfigurationName = Release;
		};
		94AD2B6A1D2DA27300798DDB /* Build configuration list for PBXNativeTarget "SchoolStore" */ = {
			isa = XCConfigurationList;
			buildConfigurations = (
				94AD2B6B1D2DA27300798DDB /* Debug */,
				94AD2B6C1D2DA27300798DDB /* Release */,
			);
			defaultConfigurationIsVisible = 0;
			defaultConfigurationName = Release;
		};
		94AD2B6D1D2DA27300798DDB /* Build configuration list for PBXNativeTarget "SchoolStoreTests" */ = {
			isa = XCConfigurationList;
			buildConfigurations = (
				94AD2B6E1D2DA27300798DDB /* Debug */,
				94AD2B6F1D2DA27300798DDB /* Release */,
			);
			defaultConfigurationIsVisible = 0;
			defaultConfigurationName = Release;
		};
		94AD2B701D2DA27300798DDB /* Build configuration list for PBXNativeTarget "SchoolStoreUITests" */ = {
			isa = XCConfigurationList;
			buildConfigurations = (
				94AD2B711D2DA27300798DDB /* Debug */,
				94AD2B721D2DA27300798DDB /* Release */,
			);
			defaultConfigurationIsVisible = 0;
			defaultConfigurationName = Release;
		};
/* End XCConfigurationList section */
	};
	rootObject = 94AD2B3A1D2DA27300798DDB /* Project object */;
}
